{
  "object": {
    "pins": [
      {
        "package": "GridStack",
        "repositoryURL": "https://github.com/pietropizzi/GridStack",
        "state": {
          "branch": null,
          "revision": "f153aa57434d473a7c926b6414e78bb4939017d3",
          "version": "0.3.0"
        }
      },
      {
        "package": "QGrid",
        "repositoryURL": "https://github.com/Q-Mobile/QGrid",
        "state": {
          "branch": null,
          "revision": "40607aec336a8097c94bcadb81762592d89073ac",
          "version": "0.1.3"
        }
      },
      {
        "package": "Grid",
        "repositoryURL": "https://github.com/swift-extensions/swiftui-extensions",
        "state": {
          "branch": null,
          "revision": "0179cd715f9d717022eb71ce488bc218bb0e39a8",
          "version": "0.9.3"
        }
      },
      {
        "package": "URLImage",
        "repositoryURL": "https://github.com/dmytro-anokhin/url-image",
        "state": {
          "branch": null,
          "revision": "5d3a5dc84f9bdf948d8b136f7a1b0099af68f114",
          "version": "0.9.9"
        }
      }
    ]
  },
  "version": 1
}
